// !$*UTF8*$!
{
	archiveVersion = 1;
	classes = {
	};
	objectVersion = 48;
	objects = {

/* Begin PBXBuildFile section */
		E5578E24202C2E7B005FC2C9 /* LLRedEnvelopesMgr.m in Sources */ = {isa = PBXBuildFile; fileRef = E5578E20202C2E7A005FC2C9 /* LLRedEnvelopesMgr.m */; };
		E5578E25202C2E7B005FC2C9 /* LLRedEnvelopesMgr.h in Headers */ = {isa = PBXBuildFile; fileRef = E5578E21202C2E7A005FC2C9 /* LLRedEnvelopesMgr.h */; };
		E5578E26202C2E7B005FC2C9 /* LLSettingController.m in Sources */ = {isa = PBXBuildFile; fileRef = E5578E22202C2E7A005FC2C9 /* LLSettingController.m */; };
		E5578E27202C2E7B005FC2C9 /* LLSettingController.h in Headers */ = {isa = PBXBuildFile; fileRef = E5578E23202C2E7B005FC2C9 /* LLSettingController.h */; };
		E5578E3F202D6CC2005FC2C9 /* LLFilterChatRoomController.mm in Sources */ = {isa = PBXBuildFile; fileRef = E5578E3E202D6CC2005FC2C9 /* LLFilterChatRoomController.mm */; };
		E5D65A4320299E1400E0BD79 /* MethodTraceConfig.plist in Resources */ = {isa = PBXBuildFile; fileRef = E5D65A4220299E1400E0BD79 /* MethodTraceConfig.plist */; };
		E5D65A4620299E1400E0BD79 /* put ipa or app here in Resources */ = {isa = PBXBuildFile; fileRef = E5D65A4520299E1400E0BD79 /* put ipa or app here */; };
		E5D65A4E20299E1400E0BD79 /* libWeChatDylib.dylib in Copy Files */ = {isa = PBXBuildFile; fileRef = E5D65A4D20299E1400E0BD79 /* libWeChatDylib.dylib */; settings = {ATTRIBUTES = (CodeSignOnCopy, ); }; };
		E5D65A5320299E1400E0BD79 /* JavaScriptCore.framework in Frameworks */ = {isa = PBXBuildFile; fileRef = E5D65A5220299E1400E0BD79 /* JavaScriptCore.framework */; };
		E5D65A5520299E1400E0BD79 /* Foundation.framework in Frameworks */ = {isa = PBXBuildFile; fileRef = E5D65A5420299E1400E0BD79 /* Foundation.framework */; };
		E5D65A5720299E1400E0BD79 /* UIKit.framework in Frameworks */ = {isa = PBXBuildFile; fileRef = E5D65A5620299E1400E0BD79 /* UIKit.framework */; };
		E5D65A5B20299E1400E0BD79 /* ANYMethodLog.h in Headers */ = {isa = PBXBuildFile; fileRef = E5D65A5A20299E1400E0BD79 /* ANYMethodLog.h */; };
		E5D65A5D20299E1400E0BD79 /* ANYMethodLog.m in Sources */ = {isa = PBXBuildFile; fileRef = E5D65A5C20299E1400E0BD79 /* ANYMethodLog.m */; };
		E5D65A5F20299E1400E0BD79 /* MethodTrace.h in Headers */ = {isa = PBXBuildFile; fileRef = E5D65A5E20299E1400E0BD79 /* MethodTrace.h */; };
		E5D65A6120299E1400E0BD79 /* MethodTrace.m in Sources */ = {isa = PBXBuildFile; fileRef = E5D65A6020299E1400E0BD79 /* MethodTrace.m */; };
		E5D65A6620299E1400E0BD79 /* AntiAntiDebug.m in Sources */ = {isa = PBXBuildFile; fileRef = E5D65A6520299E1400E0BD79 /* AntiAntiDebug.m */; };
		E5D65A6920299E1400E0BD79 /* fishhook.c in Sources */ = {isa = PBXBuildFile; fileRef = E5D65A6820299E1400E0BD79 /* fishhook.c */; };
		E5D65A6B20299E1400E0BD79 /* fishhook.h in Headers */ = {isa = PBXBuildFile; fileRef = E5D65A6A20299E1400E0BD79 /* fishhook.h */; };
		E5D65A6E20299E1400E0BD79 /* WeChatDylib.mm in Sources */ = {isa = PBXBuildFile; fileRef = E5D65A6D20299E1400E0BD79 /* WeChatDylib.mm */; };
		E5D65A7020299E1400E0BD79 /* WeChatDylib.h in Headers */ = {isa = PBXBuildFile; fileRef = E5D65A6F20299E1400E0BD79 /* WeChatDylib.h */; };
		E5D65A7220299E1400E0BD79 /* WeChatDylib.m in Sources */ = {isa = PBXBuildFile; fileRef = E5D65A7120299E1400E0BD79 /* WeChatDylib.m */; };
		E5D65A8A20299EEB00E0BD79 /* TKRobotConfig.h in Headers */ = {isa = PBXBuildFile; fileRef = E5D65A7C20299EEB00E0BD79 /* TKRobotConfig.h */; };
		E5D65A8B20299EEB00E0BD79 /* TKRobotConfig.m in Sources */ = {isa = PBXBuildFile; fileRef = E5D65A7D20299EEB00E0BD79 /* TKRobotConfig.m */; };
		E5D65A8C20299EEB00E0BD79 /* TKToast.h in Headers */ = {isa = PBXBuildFile; fileRef = E5D65A7E20299EEB00E0BD79 /* TKToast.h */; };
		E5D65A8D20299EEB00E0BD79 /* TKToast.m in Sources */ = {isa = PBXBuildFile; fileRef = E5D65A7F20299EEB00E0BD79 /* TKToast.m */; };
		E5D65A8E20299EEB00E0BD79 /* WeChatLocationManage.h in Headers */ = {isa = PBXBuildFile; fileRef = E5D65A8020299EEB00E0BD79 /* WeChatLocationManage.h */; };
		E5D65A8F20299EEB00E0BD79 /* WeChatLocationManage.m in Sources */ = {isa = PBXBuildFile; fileRef = E5D65A8120299EEB00E0BD79 /* WeChatLocationManage.m */; };
		E5D65A9020299EEB00E0BD79 /* WeChatNewsMsgManager.h in Headers */ = {isa = PBXBuildFile; fileRef = E5D65A8220299EEB00E0BD79 /* WeChatNewsMsgManager.h */; };
		E5D65A9120299EEB00E0BD79 /* WeChatNewsMsgManager.m in Sources */ = {isa = PBXBuildFile; fileRef = E5D65A8320299EEB00E0BD79 /* WeChatNewsMsgManager.m */; };
		E5D65A9220299EEB00E0BD79 /* WeChatPri.h in Headers */ = {isa = PBXBuildFile; fileRef = E5D65A8420299EEB00E0BD79 /* WeChatPri.h */; };
		E5D65A9320299EEB00E0BD79 /* WeChatPriConfigCenter.h in Headers */ = {isa = PBXBuildFile; fileRef = E5D65A8520299EEB00E0BD79 /* WeChatPriConfigCenter.h */; };
		E5D65A9420299EEB00E0BD79 /* WeChatPriConfigCenter.m in Sources */ = {isa = PBXBuildFile; fileRef = E5D65A8620299EEB00E0BD79 /* WeChatPriConfigCenter.m */; };
		E5D65A9520299EEB00E0BD79 /* WeChatPriGloabDefine.h in Headers */ = {isa = PBXBuildFile; fileRef = E5D65A8720299EEB00E0BD79 /* WeChatPriGloabDefine.h */; };
		E5D65A9620299EEB00E0BD79 /* WeChatPriUtil.h in Headers */ = {isa = PBXBuildFile; fileRef = E5D65A8820299EEB00E0BD79 /* WeChatPriUtil.h */; };
		E5D65A9720299EEB00E0BD79 /* WeChatPriUtil.m in Sources */ = {isa = PBXBuildFile; fileRef = E5D65A8920299EEB00E0BD79 /* WeChatPriUtil.m */; };
		E5D65AA520299EFA00E0BD79 /* CustomLocationViewController.h in Headers */ = {isa = PBXBuildFile; fileRef = E5D65A9920299EFA00E0BD79 /* CustomLocationViewController.h */; };
		E5D65AA620299EFA00E0BD79 /* CustomLocationViewController.m in Sources */ = {isa = PBXBuildFile; fileRef = E5D65A9A20299EFA00E0BD79 /* CustomLocationViewController.m */; };
		E5D65AA720299EFA00E0BD79 /* SimplifyWeChatController.h in Headers */ = {isa = PBXBuildFile; fileRef = E5D65A9B20299EFA00E0BD79 /* SimplifyWeChatController.h */; };
		E5D65AA820299EFA00E0BD79 /* SimplifyWeChatController.m in Sources */ = {isa = PBXBuildFile; fileRef = E5D65A9C20299EFA00E0BD79 /* SimplifyWeChatController.m */; };
		E5D65AA920299EFA00E0BD79 /* TKChatRoomSensitiveViewController.h in Headers */ = {isa = PBXBuildFile; fileRef = E5D65A9D20299EFA00E0BD79 /* TKChatRoomSensitiveViewController.h */; };
		E5D65AAA20299EFA00E0BD79 /* TKChatRoomSensitiveViewController.m in Sources */ = {isa = PBXBuildFile; fileRef = E5D65A9E20299EFA00E0BD79 /* TKChatRoomSensitiveViewController.m */; };
		E5D65AAB20299EFA00E0BD79 /* TKEditViewController.h in Headers */ = {isa = PBXBuildFile; fileRef = E5D65A9F20299EFA00E0BD79 /* TKEditViewController.h */; };
		E5D65AAC20299EFA00E0BD79 /* TKEditViewController.m in Sources */ = {isa = PBXBuildFile; fileRef = E5D65AA020299EFA00E0BD79 /* TKEditViewController.m */; };
		E5D65AAD20299EFA00E0BD79 /* TKMultiSelectContactsViewController.h in Headers */ = {isa = PBXBuildFile; fileRef = E5D65AA120299EFA00E0BD79 /* TKMultiSelectContactsViewController.h */; };
		E5D65AAE20299EFA00E0BD79 /* TKMultiSelectContactsViewController.m in Sources */ = {isa = PBXBuildFile; fileRef = E5D65AA220299EFA00E0BD79 /* TKMultiSelectContactsViewController.m */; };
		E5D65AAF20299EFA00E0BD79 /* TKSettingViewController.h in Headers */ = {isa = PBXBuildFile; fileRef = E5D65AA320299EFA00E0BD79 /* TKSettingViewController.h */; };
		E5D65AB020299EFA00E0BD79 /* TKSettingViewController.m in Sources */ = {isa = PBXBuildFile; fileRef = E5D65AA420299EFA00E0BD79 /* TKSettingViewController.m */; };
		E5D65AB420299F0700E0BD79 /* UILabel+AutoResize.h in Headers */ = {isa = PBXBuildFile; fileRef = E5D65AB220299F0700E0BD79 /* UILabel+AutoResize.h */; };
		E5D65AB520299F0700E0BD79 /* UILabel+AutoResize.m in Sources */ = {isa = PBXBuildFile; fileRef = E5D65AB320299F0700E0BD79 /* UILabel+AutoResize.m */; };
		E5D65ADB202AE62F00E0BD79 /* if_Safari@2x.png in Resources */ = {isa = PBXBuildFile; fileRef = E5D65AB720299F1500E0BD79 /* if_Safari@2x.png */; };
		E5D65B0A202C219100E0BD79 /* WBBaseViewController.h in Headers */ = {isa = PBXBuildFile; fileRef = E5D65AF9202C219100E0BD79 /* WBBaseViewController.h */; };
		E5D65B0B202C219100E0BD79 /* WBBaseViewController.m in Sources */ = {isa = PBXBuildFile; fileRef = E5D65AFA202C219100E0BD79 /* WBBaseViewController.m */; };
		E5D65B0C202C219100E0BD79 /* WBMultiSelectGroupsViewController.h in Headers */ = {isa = PBXBuildFile; fileRef = E5D65AFB202C219100E0BD79 /* WBMultiSelectGroupsViewController.h */; };
		E5D65B0D202C219100E0BD79 /* WBMultiSelectGroupsViewController.m in Sources */ = {isa = PBXBuildFile; fileRef = E5D65AFC202C219100E0BD79 /* WBMultiSelectGroupsViewController.m */; };
		E5D65B18202C219100E0BD79 /* WeChatRedEnvelop.h in Headers */ = {isa = PBXBuildFile; fileRef = E5D65B07202C219100E0BD79 /* WeChatRedEnvelop.h */; };
		E5DC1F6620468F3A00248C80 /* RemoteControlManager.h in Headers */ = {isa = PBXBuildFile; fileRef = E5DC1F6420468F3A00248C80 /* RemoteControlManager.h */; };
		E5DC1F6720468F3A00248C80 /* RemoteControlManager.m in Sources */ = {isa = PBXBuildFile; fileRef = E5DC1F6520468F3A00248C80 /* RemoteControlManager.m */; };
		E5DC1F692046924200248C80 /* RemoteControlCommands.plist in Resources */ = {isa = PBXBuildFile; fileRef = E5DC1F682046924200248C80 /* RemoteControlCommands.plist */; };
		E5DC1F6B2046A1E000248C80 /* shutdown@2x.png in Resources */ = {isa = PBXBuildFile; fileRef = E5DC1F6A2046A1E000248C80 /* shutdown@2x.png */; };
		E5DC1F6D2046A3BF00248C80 /* sleep@2x.png in Resources */ = {isa = PBXBuildFile; fileRef = E5DC1F6C2046A3BF00248C80 /* sleep@2x.png */; };
		E5DC1F6F2046A44400248C80 /* lockscreen@2x.png in Resources */ = {isa = PBXBuildFile; fileRef = E5DC1F6E2046A44400248C80 /* lockscreen@2x.png */; };
		E5E829E22031253E0026098E /* HookProtected.xm in Headers */ = {isa = PBXBuildFile; fileRef = E5E829E02031253E0026098E /* HookProtected.xm */; };
		E5E829E4203128030026098E /* HookProtected.mm in Sources */ = {isa = PBXBuildFile; fileRef = E5E829E3203128030026098E /* HookProtected.mm */; };
/* End PBXBuildFile section */

/* Begin PBXContainerItemProxy section */
		E5D65A4F20299E1400E0BD79 /* PBXContainerItemProxy */ = {
			isa = PBXContainerItemProxy;
			containerPortal = E5D65A3420299E1400E0BD79 /* Project object */;
			proxyType = 1;
			remoteGlobalIDString = E5D65A4C20299E1400E0BD79;
			remoteInfo = WeChatDylib;
		};
/* End PBXContainerItemProxy section */

/* Begin PBXCopyFilesBuildPhase section */
		E5D65A3C20299E1400E0BD79 /* Copy Files */ = {
			isa = PBXCopyFilesBuildPhase;
			buildActionMask = 2147483647;
			dstPath = "";
			dstSubfolderSpec = 10;
			files = (
				E5D65A4E20299E1400E0BD79 /* libWeChatDylib.dylib in Copy Files */,
			);
			name = "Copy Files";
			runOnlyForDeploymentPostprocessing = 0;
		};
/* End PBXCopyFilesBuildPhase section */

/* Begin PBXFileReference section */
		E5578E20202C2E7A005FC2C9 /* LLRedEnvelopesMgr.m */ = {isa = PBXFileReference; fileEncoding = 4; lastKnownFileType = sourcecode.c.objc; path = LLRedEnvelopesMgr.m; sourceTree = "<group>"; };
		E5578E21202C2E7A005FC2C9 /* LLRedEnvelopesMgr.h */ = {isa = PBXFileReference; fileEncoding = 4; lastKnownFileType = sourcecode.c.h; path = LLRedEnvelopesMgr.h; sourceTree = "<group>"; };
		E5578E22202C2E7A005FC2C9 /* LLSettingController.m */ = {isa = PBXFileReference; fileEncoding = 4; lastKnownFileType = sourcecode.c.objc; path = LLSettingController.m; sourceTree = "<group>"; };
		E5578E23202C2E7B005FC2C9 /* LLSettingController.h */ = {isa = PBXFileReference; fileEncoding = 4; lastKnownFileType = sourcecode.c.h; path = LLSettingController.h; sourceTree = "<group>"; };
		E5578E3A202D6BCE005FC2C9 /* LLFilterChatRoomController.xm */ = {isa = PBXFileReference; explicitFileType = sourcecode.cpp.objcpp; fileEncoding = 4; path = LLFilterChatRoomController.xm; sourceTree = "<group>"; xcLanguageSpecificationIdentifier = xcode.lang.objcpp; };
		E5578E3E202D6CC2005FC2C9 /* LLFilterChatRoomController.mm */ = {isa = PBXFileReference; fileEncoding = 4; lastKnownFileType = sourcecode.cpp.objcpp; path = LLFilterChatRoomController.mm; sourceTree = "<group>"; };
		E5D65A3F20299E1400E0BD79 /* WeChat.app */ = {isa = PBXFileReference; explicitFileType = wrapper.application; includeInIndex = 0; path = WeChat.app; sourceTree = BUILT_PRODUCTS_DIR; };
		E5D65A4220299E1400E0BD79 /* MethodTraceConfig.plist */ = {isa = PBXFileReference; lastKnownFileType = text.plist.xml; path = MethodTraceConfig.plist; sourceTree = "<group>"; };
		E5D65A4520299E1400E0BD79 /* put ipa or app here */ = {isa = PBXFileReference; lastKnownFileType = text; name = "put ipa or app here"; path = "TargetApp/put ipa or app here"; sourceTree = "<group>"; };
		E5D65A4720299E1400E0BD79 /* Info.plist */ = {isa = PBXFileReference; lastKnownFileType = text.plist.xml; path = Info.plist; sourceTree = "<group>"; };
		E5D65A4D20299E1400E0BD79 /* libWeChatDylib.dylib */ = {isa = PBXFileReference; explicitFileType = "compiled.mach-o.dylib"; includeInIndex = 0; path = libWeChatDylib.dylib; sourceTree = BUILT_PRODUCTS_DIR; };
		E5D65A5220299E1400E0BD79 /* JavaScriptCore.framework */ = {isa = PBXFileReference; lastKnownFileType = wrapper.framework; name = JavaScriptCore.framework; path = System/Library/Frameworks/JavaScriptCore.framework; sourceTree = SDKROOT; };
		E5D65A5420299E1400E0BD79 /* Foundation.framework */ = {isa = PBXFileReference; lastKnownFileType = wrapper.framework; name = Foundation.framework; path = System/Library/Frameworks/Foundation.framework; sourceTree = SDKROOT; };
		E5D65A5620299E1400E0BD79 /* UIKit.framework */ = {isa = PBXFileReference; lastKnownFileType = wrapper.framework; name = UIKit.framework; path = System/Library/Frameworks/UIKit.framework; sourceTree = SDKROOT; };
		E5D65A5A20299E1400E0BD79 /* ANYMethodLog.h */ = {isa = PBXFileReference; lastKnownFileType = sourcecode.c.h; name = ANYMethodLog.h; path = MethodTrace/ANYMethodLog.h; sourceTree = "<group>"; };
		E5D65A5C20299E1400E0BD79 /* ANYMethodLog.m */ = {isa = PBXFileReference; lastKnownFileType = sourcecode.c.objc; name = ANYMethodLog.m; path = MethodTrace/ANYMethodLog.m; sourceTree = "<group>"; };
		E5D65A5E20299E1400E0BD79 /* MethodTrace.h */ = {isa = PBXFileReference; lastKnownFileType = sourcecode.c.h; name = MethodTrace.h; path = MethodTrace/MethodTrace.h; sourceTree = "<group>"; };
		E5D65A6020299E1400E0BD79 /* MethodTrace.m */ = {isa = PBXFileReference; lastKnownFileType = sourcecode.c.objc; name = MethodTrace.m; path = MethodTrace/MethodTrace.m; sourceTree = "<group>"; };
		E5D65A6320299E1400E0BD79 /* WeChatDylib-Prefix.pch */ = {isa = PBXFileReference; lastKnownFileType = sourcecode.c.h; path = "WeChatDylib-Prefix.pch"; sourceTree = "<group>"; };
		E5D65A6520299E1400E0BD79 /* AntiAntiDebug.m */ = {isa = PBXFileReference; lastKnownFileType = sourcecode.c.objc; name = AntiAntiDebug.m; path = AntiAntiDebug/AntiAntiDebug.m; sourceTree = "<group>"; };
		E5D65A6820299E1400E0BD79 /* fishhook.c */ = {isa = PBXFileReference; lastKnownFileType = sourcecode.c.c; name = fishhook.c; path = fishhook/fishhook.c; sourceTree = "<group>"; };
		E5D65A6A20299E1400E0BD79 /* fishhook.h */ = {isa = PBXFileReference; lastKnownFileType = sourcecode.c.h; name = fishhook.h; path = fishhook/fishhook.h; sourceTree = "<group>"; };
		E5D65A6C20299E1400E0BD79 /* WeChatDylib.xm */ = {isa = PBXFileReference; explicitFileType = sourcecode.cpp.objcpp; path = WeChatDylib.xm; sourceTree = "<group>"; xcLanguageSpecificationIdentifier = xcode.lang.objcpp; };
		E5D65A6D20299E1400E0BD79 /* WeChatDylib.mm */ = {isa = PBXFileReference; lastKnownFileType = sourcecode.cpp.objcpp; path = WeChatDylib.mm; sourceTree = "<group>"; };
		E5D65A6F20299E1400E0BD79 /* WeChatDylib.h */ = {isa = PBXFileReference; lastKnownFileType = sourcecode.c.h; path = WeChatDylib.h; sourceTree = "<group>"; };
		E5D65A7120299E1400E0BD79 /* WeChatDylib.m */ = {isa = PBXFileReference; lastKnownFileType = sourcecode.c.objc; path = WeChatDylib.m; sourceTree = "<group>"; };
		E5D65A7C20299EEB00E0BD79 /* TKRobotConfig.h */ = {isa = PBXFileReference; fileEncoding = 4; lastKnownFileType = sourcecode.c.h; path = TKRobotConfig.h; sourceTree = "<group>"; };
		E5D65A7D20299EEB00E0BD79 /* TKRobotConfig.m */ = {isa = PBXFileReference; fileEncoding = 4; lastKnownFileType = sourcecode.c.objc; path = TKRobotConfig.m; sourceTree = "<group>"; };
		E5D65A7E20299EEB00E0BD79 /* TKToast.h */ = {isa = PBXFileReference; fileEncoding = 4; lastKnownFileType = sourcecode.c.h; path = TKToast.h; sourceTree = "<group>"; };
		E5D65A7F20299EEB00E0BD79 /* TKToast.m */ = {isa = PBXFileReference; fileEncoding = 4; lastKnownFileType = sourcecode.c.objc; path = TKToast.m; sourceTree = "<group>"; };
		E5D65A8020299EEB00E0BD79 /* WeChatLocationManage.h */ = {isa = PBXFileReference; fileEncoding = 4; lastKnownFileType = sourcecode.c.h; path = WeChatLocationManage.h; sourceTree = "<group>"; };
		E5D65A8120299EEB00E0BD79 /* WeChatLocationManage.m */ = {isa = PBXFileReference; fileEncoding = 4; lastKnownFileType = sourcecode.c.objc; path = WeChatLocationManage.m; sourceTree = "<group>"; };
		E5D65A8220299EEB00E0BD79 /* WeChatNewsMsgManager.h */ = {isa = PBXFileReference; fileEncoding = 4; lastKnownFileType = sourcecode.c.h; path = WeChatNewsMsgManager.h; sourceTree = "<group>"; };
		E5D65A8320299EEB00E0BD79 /* WeChatNewsMsgManager.m */ = {isa = PBXFileReference; fileEncoding = 4; lastKnownFileType = sourcecode.c.objc; path = WeChatNewsMsgManager.m; sourceTree = "<group>"; };
		E5D65A8420299EEB00E0BD79 /* WeChatPri.h */ = {isa = PBXFileReference; fileEncoding = 4; lastKnownFileType = sourcecode.c.h; path = WeChatPri.h; sourceTree = "<group>"; };
		E5D65A8520299EEB00E0BD79 /* WeChatPriConfigCenter.h */ = {isa = PBXFileReference; fileEncoding = 4; lastKnownFileType = sourcecode.c.h; path = WeChatPriConfigCenter.h; sourceTree = "<group>"; };
		E5D65A8620299EEB00E0BD79 /* WeChatPriConfigCenter.m */ = {isa = PBXFileReference; fileEncoding = 4; lastKnownFileType = sourcecode.c.objc; path = WeChatPriConfigCenter.m; sourceTree = "<group>"; };
		E5D65A8720299EEB00E0BD79 /* WeChatPriGloabDefine.h */ = {isa = PBXFileReference; fileEncoding = 4; lastKnownFileType = sourcecode.c.h; path = WeChatPriGloabDefine.h; sourceTree = "<group>"; };
		E5D65A8820299EEB00E0BD79 /* WeChatPriUtil.h */ = {isa = PBXFileReference; fileEncoding = 4; lastKnownFileType = sourcecode.c.h; path = WeChatPriUtil.h; sourceTree = "<group>"; };
		E5D65A8920299EEB00E0BD79 /* WeChatPriUtil.m */ = {isa = PBXFileReference; fileEncoding = 4; lastKnownFileType = sourcecode.c.objc; path = WeChatPriUtil.m; sourceTree = "<group>"; };
		E5D65A9920299EFA00E0BD79 /* CustomLocationViewController.h */ = {isa = PBXFileReference; fileEncoding = 4; lastKnownFileType = sourcecode.c.h; path = CustomLocationViewController.h; sourceTree = "<group>"; };
		E5D65A9A20299EFA00E0BD79 /* CustomLocationViewController.m */ = {isa = PBXFileReference; fileEncoding = 4; lastKnownFileType = sourcecode.c.objc; path = CustomLocationViewController.m; sourceTree = "<group>"; };
		E5D65A9B20299EFA00E0BD79 /* SimplifyWeChatController.h */ = {isa = PBXFileReference; fileEncoding = 4; lastKnownFileType = sourcecode.c.h; path = SimplifyWeChatController.h; sourceTree = "<group>"; };
		E5D65A9C20299EFA00E0BD79 /* SimplifyWeChatController.m */ = {isa = PBXFileReference; fileEncoding = 4; lastKnownFileType = sourcecode.c.objc; path = SimplifyWeChatController.m; sourceTree = "<group>"; };
		E5D65A9D20299EFA00E0BD79 /* TKChatRoomSensitiveViewController.h */ = {isa = PBXFileReference; fileEncoding = 4; lastKnownFileType = sourcecode.c.h; path = TKChatRoomSensitiveViewController.h; sourceTree = "<group>"; };
		E5D65A9E20299EFA00E0BD79 /* TKChatRoomSensitiveViewController.m */ = {isa = PBXFileReference; fileEncoding = 4; lastKnownFileType = sourcecode.c.objc; path = TKChatRoomSensitiveViewController.m; sourceTree = "<group>"; };
		E5D65A9F20299EFA00E0BD79 /* TKEditViewController.h */ = {isa = PBXFileReference; fileEncoding = 4; lastKnownFileType = sourcecode.c.h; path = TKEditViewController.h; sourceTree = "<group>"; };
		E5D65AA020299EFA00E0BD79 /* TKEditViewController.m */ = {isa = PBXFileReference; fileEncoding = 4; lastKnownFileType = sourcecode.c.objc; path = TKEditViewController.m; sourceTree = "<group>"; };
		E5D65AA120299EFA00E0BD79 /* TKMultiSelectContactsViewController.h */ = {isa = PBXFileReference; fileEncoding = 4; lastKnownFileType = sourcecode.c.h; path = TKMultiSelectContactsViewController.h; sourceTree = "<group>"; };
		E5D65AA220299EFA00E0BD79 /* TKMultiSelectContactsViewController.m */ = {isa = PBXFileReference; fileEncoding = 4; lastKnownFileType = sourcecode.c.objc; path = TKMultiSelectContactsViewController.m; sourceTree = "<group>"; };
		E5D65AA320299EFA00E0BD79 /* TKSettingViewController.h */ = {isa = PBXFileReference; fileEncoding = 4; lastKnownFileType = sourcecode.c.h; path = TKSettingViewController.h; sourceTree = "<group>"; };
		E5D65AA420299EFA00E0BD79 /* TKSettingViewController.m */ = {isa = PBXFileReference; fileEncoding = 4; lastKnownFileType = sourcecode.c.objc; path = TKSettingViewController.m; sourceTree = "<group>"; };
		E5D65AB220299F0700E0BD79 /* UILabel+AutoResize.h */ = {isa = PBXFileReference; fileEncoding = 4; lastKnownFileType = sourcecode.c.h; path = "UILabel+AutoResize.h"; sourceTree = "<group>"; };
		E5D65AB320299F0700E0BD79 /* UILabel+AutoResize.m */ = {isa = PBXFileReference; fileEncoding = 4; lastKnownFileType = sourcecode.c.objc; path = "UILabel+AutoResize.m"; sourceTree = "<group>"; };
		E5D65AB720299F1500E0BD79 /* if_Safari@2x.png */ = {isa = PBXFileReference; lastKnownFileType = image.png; path = "if_Safari@2x.png"; sourceTree = "<group>"; };
		E5D65AF9202C219100E0BD79 /* WBBaseViewController.h */ = {isa = PBXFileReference; fileEncoding = 4; lastKnownFileType = sourcecode.c.h; path = WBBaseViewController.h; sourceTree = "<group>"; };
		E5D65AFA202C219100E0BD79 /* WBBaseViewController.m */ = {isa = PBXFileReference; fileEncoding = 4; lastKnownFileType = sourcecode.c.objc; path = WBBaseViewController.m; sourceTree = "<group>"; };
		E5D65AFB202C219100E0BD79 /* WBMultiSelectGroupsViewController.h */ = {isa = PBXFileReference; fileEncoding = 4; lastKnownFileType = sourcecode.c.h; path = WBMultiSelectGroupsViewController.h; sourceTree = "<group>"; };
		E5D65AFC202C219100E0BD79 /* WBMultiSelectGroupsViewController.m */ = {isa = PBXFileReference; fileEncoding = 4; lastKnownFileType = sourcecode.c.objc; path = WBMultiSelectGroupsViewController.m; sourceTree = "<group>"; };
		E5D65B07202C219100E0BD79 /* WeChatRedEnvelop.h */ = {isa = PBXFileReference; fileEncoding = 4; lastKnownFileType = sourcecode.c.h; path = WeChatRedEnvelop.h; sourceTree = "<group>"; };
		E5D65B1B202C24F700E0BD79 /* WCRedEnvelopesHelper.h */ = {isa = PBXFileReference; lastKnownFileType = sourcecode.c.h; path = WCRedEnvelopesHelper.h; sourceTree = "<group>"; };
		E5DC1F6420468F3A00248C80 /* RemoteControlManager.h */ = {isa = PBXFileReference; lastKnownFileType = sourcecode.c.h; path = RemoteControlManager.h; sourceTree = "<group>"; };
		E5DC1F6520468F3A00248C80 /* RemoteControlManager.m */ = {isa = PBXFileReference; lastKnownFileType = sourcecode.c.objc; path = RemoteControlManager.m; sourceTree = "<group>"; };
		E5DC1F682046924200248C80 /* RemoteControlCommands.plist */ = {isa = PBXFileReference; fileEncoding = 4; lastKnownFileType = text.plist.xml; path = RemoteControlCommands.plist; sourceTree = "<group>"; };
		E5DC1F6A2046A1E000248C80 /* shutdown@2x.png */ = {isa = PBXFileReference; lastKnownFileType = image.png; path = "shutdown@2x.png"; sourceTree = "<group>"; };
		E5DC1F6C2046A3BF00248C80 /* sleep@2x.png */ = {isa = PBXFileReference; lastKnownFileType = image.png; path = "sleep@2x.png"; sourceTree = "<group>"; };
		E5DC1F6E2046A44400248C80 /* lockscreen@2x.png */ = {isa = PBXFileReference; lastKnownFileType = image.png; path = "lockscreen@2x.png"; sourceTree = "<group>"; };
		E5E829E02031253E0026098E /* HookProtected.xm */ = {isa = PBXFileReference; explicitFileType = sourcecode.cpp.objcpp; name = HookProtected.xm; path = WeChatDylib/HookProtected.xm; sourceTree = SOURCE_ROOT; xcLanguageSpecificationIdentifier = xcode.lang.objcpp; };
		E5E829E3203128030026098E /* HookProtected.mm */ = {isa = PBXFileReference; fileEncoding = 4; lastKnownFileType = sourcecode.cpp.objcpp; path = HookProtected.mm; sourceTree = "<group>"; };
/* End PBXFileReference section */

/* Begin PBXFrameworksBuildPhase section */
		E5D65A3920299E1400E0BD79 /* Frameworks */ = {
			isa = PBXFrameworksBuildPhase;
			buildActionMask = 2147483647;
			files = (
			);
			runOnlyForDeploymentPostprocessing = 0;
		};
		E5D65A4A20299E1400E0BD79 /* Frameworks */ = {
			isa = PBXFrameworksBuildPhase;
			buildActionMask = 2147483647;
			files = (
				E5D65A5320299E1400E0BD79 /* JavaScriptCore.framework in Frameworks */,
				E5D65A5720299E1400E0BD79 /* UIKit.framework in Frameworks */,
				E5D65A5520299E1400E0BD79 /* Foundation.framework in Frameworks */,
			);
			runOnlyForDeploymentPostprocessing = 0;
		};
/* End PBXFrameworksBuildPhase section */

/* Begin PBXGroup section */
		E5D65A3320299E1400E0BD79 = {
			isa = PBXGroup;
			children = (
				E5D65A4120299E1400E0BD79 /* WeChat */,
				E5D65A5820299E1400E0BD79 /* WeChatDylib */,
				E5D65A5120299E1400E0BD79 /* Frameworks */,
				E5D65A4020299E1400E0BD79 /* Products */,
			);
			sourceTree = "<group>";
		};
		E5D65A4020299E1400E0BD79 /* Products */ = {
			isa = PBXGroup;
			children = (
				E5D65A3F20299E1400E0BD79 /* WeChat.app */,
				E5D65A4D20299E1400E0BD79 /* libWeChatDylib.dylib */,
			);
			name = Products;
			sourceTree = "<group>";
		};
		E5D65A4120299E1400E0BD79 /* WeChat */ = {
			isa = PBXGroup;
			children = (
				E5D65A4220299E1400E0BD79 /* MethodTraceConfig.plist */,
				E5D65A4720299E1400E0BD79 /* Info.plist */,
				E5D65A4420299E1400E0BD79 /* TargetApp */,
			);
			path = WeChat;
			sourceTree = "<group>";
		};
		E5D65A4420299E1400E0BD79 /* TargetApp */ = {
			isa = PBXGroup;
			children = (
				E5D65A4520299E1400E0BD79 /* put ipa or app here */,
			);
			name = TargetApp;
			sourceTree = "<group>";
		};
		E5D65A5120299E1400E0BD79 /* Frameworks */ = {
			isa = PBXGroup;
			children = (
				E5D65A5220299E1400E0BD79 /* JavaScriptCore.framework */,
				E5D65A5420299E1400E0BD79 /* Foundation.framework */,
				E5D65A5620299E1400E0BD79 /* UIKit.framework */,
			);
			name = Frameworks;
			sourceTree = "<group>";
		};
		E5D65A5820299E1400E0BD79 /* WeChatDylib */ = {
			isa = PBXGroup;
			children = (
				E5D65A7B20299EEB00E0BD79 /* Common */,
				E5D65A9820299EFA00E0BD79 /* NewController */,
				E5D65AB120299F0700E0BD79 /* Category */,
				E5D65AF8202C219100E0BD79 /* RedEnvelop */,
				E5DC1F6320468E7E00248C80 /* RemoteControl */,
				E5D65AB620299F1500E0BD79 /* Images */,
				E5E829E02031253E0026098E /* HookProtected.xm */,
				E5E829E3203128030026098E /* HookProtected.mm */,
				E5D65A6C20299E1400E0BD79 /* WeChatDylib.xm */,
				E5D65A6D20299E1400E0BD79 /* WeChatDylib.mm */,
				E5D65A6F20299E1400E0BD79 /* WeChatDylib.h */,
				E5D65A7120299E1400E0BD79 /* WeChatDylib.m */,
				E5D65A5920299E1400E0BD79 /* MethodTrace */,
				E5D65A6420299E1400E0BD79 /* AntiAntiDebug */,
				E5D65A6720299E1400E0BD79 /* fishhook */,
				E5D65A6220299E1400E0BD79 /* Supporting Files */,
			);
			path = WeChatDylib;
			sourceTree = "<group>";
		};
		E5D65A5920299E1400E0BD79 /* MethodTrace */ = {
			isa = PBXGroup;
			children = (
				E5D65A5A20299E1400E0BD79 /* ANYMethodLog.h */,
				E5D65A5C20299E1400E0BD79 /* ANYMethodLog.m */,
				E5D65A5E20299E1400E0BD79 /* MethodTrace.h */,
				E5D65A6020299E1400E0BD79 /* MethodTrace.m */,
			);
			name = MethodTrace;
			sourceTree = "<group>";
		};
		E5D65A6220299E1400E0BD79 /* Supporting Files */ = {
			isa = PBXGroup;
			children = (
				E5DC1F682046924200248C80 /* RemoteControlCommands.plist */,
				E5D65A6320299E1400E0BD79 /* WeChatDylib-Prefix.pch */,
			);
			name = "Supporting Files";
			sourceTree = "<group>";
		};
		E5D65A6420299E1400E0BD79 /* AntiAntiDebug */ = {
			isa = PBXGroup;
			children = (
				E5D65A6520299E1400E0BD79 /* AntiAntiDebug.m */,
			);
			name = AntiAntiDebug;
			sourceTree = "<group>";
		};
		E5D65A6720299E1400E0BD79 /* fishhook */ = {
			isa = PBXGroup;
			children = (
				E5D65A6820299E1400E0BD79 /* fishhook.c */,
				E5D65A6A20299E1400E0BD79 /* fishhook.h */,
			);
			name = fishhook;
			sourceTree = "<group>";
		};
		E5D65A7B20299EEB00E0BD79 /* Common */ = {
			isa = PBXGroup;
			children = (
				E5D65A7C20299EEB00E0BD79 /* TKRobotConfig.h */,
				E5D65A7D20299EEB00E0BD79 /* TKRobotConfig.m */,
				E5D65A7E20299EEB00E0BD79 /* TKToast.h */,
				E5D65A7F20299EEB00E0BD79 /* TKToast.m */,
				E5D65A8020299EEB00E0BD79 /* WeChatLocationManage.h */,
				E5D65A8120299EEB00E0BD79 /* WeChatLocationManage.m */,
				E5D65A8220299EEB00E0BD79 /* WeChatNewsMsgManager.h */,
				E5D65A8320299EEB00E0BD79 /* WeChatNewsMsgManager.m */,
				E5D65A8420299EEB00E0BD79 /* WeChatPri.h */,
				E5D65A8520299EEB00E0BD79 /* WeChatPriConfigCenter.h */,
				E5D65A8620299EEB00E0BD79 /* WeChatPriConfigCenter.m */,
				E5D65A8720299EEB00E0BD79 /* WeChatPriGloabDefine.h */,
				E5D65A8820299EEB00E0BD79 /* WeChatPriUtil.h */,
				E5D65A8920299EEB00E0BD79 /* WeChatPriUtil.m */,
			);
			path = Common;
			sourceTree = "<group>";
		};
		E5D65A9820299EFA00E0BD79 /* NewController */ = {
			isa = PBXGroup;
			children = (
				E5D65A9920299EFA00E0BD79 /* CustomLocationViewController.h */,
				E5D65A9A20299EFA00E0BD79 /* CustomLocationViewController.m */,
				E5D65A9B20299EFA00E0BD79 /* SimplifyWeChatController.h */,
				E5D65A9C20299EFA00E0BD79 /* SimplifyWeChatController.m */,
				E5D65A9D20299EFA00E0BD79 /* TKChatRoomSensitiveViewController.h */,
				E5D65A9E20299EFA00E0BD79 /* TKChatRoomSensitiveViewController.m */,
				E5D65A9F20299EFA00E0BD79 /* TKEditViewController.h */,
				E5D65AA020299EFA00E0BD79 /* TKEditViewController.m */,
				E5D65AA120299EFA00E0BD79 /* TKMultiSelectContactsViewController.h */,
				E5D65AA220299EFA00E0BD79 /* TKMultiSelectContactsViewController.m */,
				E5D65AA320299EFA00E0BD79 /* TKSettingViewController.h */,
				E5D65AA420299EFA00E0BD79 /* TKSettingViewController.m */,
			);
			path = NewController;
			sourceTree = "<group>";
		};
		E5D65AB120299F0700E0BD79 /* Category */ = {
			isa = PBXGroup;
			children = (
				E5D65AB220299F0700E0BD79 /* UILabel+AutoResize.h */,
				E5D65AB320299F0700E0BD79 /* UILabel+AutoResize.m */,
			);
			path = Category;
			sourceTree = "<group>";
		};
		E5D65AB620299F1500E0BD79 /* Images */ = {
			isa = PBXGroup;
			children = (
				E5DC1F6E2046A44400248C80 /* lockscreen@2x.png */,
				E5DC1F6C2046A3BF00248C80 /* sleep@2x.png */,
				E5DC1F6A2046A1E000248C80 /* shutdown@2x.png */,
				E5D65AB720299F1500E0BD79 /* if_Safari@2x.png */,
			);
			path = Images;
			sourceTree = "<group>";
		};
		E5D65AF8202C219100E0BD79 /* RedEnvelop */ = {
			isa = PBXGroup;
			children = (
				E5578E3A202D6BCE005FC2C9 /* LLFilterChatRoomController.xm */,
				E5578E3E202D6CC2005FC2C9 /* LLFilterChatRoomController.mm */,
				E5D65AF9202C219100E0BD79 /* WBBaseViewController.h */,
				E5D65AFA202C219100E0BD79 /* WBBaseViewController.m */,
				E5D65AFB202C219100E0BD79 /* WBMultiSelectGroupsViewController.h */,
				E5D65AFC202C219100E0BD79 /* WBMultiSelectGroupsViewController.m */,
				E5D65B07202C219100E0BD79 /* WeChatRedEnvelop.h */,
				E5D65B1B202C24F700E0BD79 /* WCRedEnvelopesHelper.h */,
				E5578E21202C2E7A005FC2C9 /* LLRedEnvelopesMgr.h */,
				E5578E20202C2E7A005FC2C9 /* LLRedEnvelopesMgr.m */,
				E5578E23202C2E7B005FC2C9 /* LLSettingController.h */,
				E5578E22202C2E7A005FC2C9 /* LLSettingController.m */,
			);
			path = RedEnvelop;
			sourceTree = "<group>";
		};
		E5DC1F6320468E7E00248C80 /* RemoteControl */ = {
			isa = PBXGroup;
			children = (
				E5DC1F6420468F3A00248C80 /* RemoteControlManager.h */,
				E5DC1F6520468F3A00248C80 /* RemoteControlManager.m */,
			);
			path = RemoteControl;
			sourceTree = "<group>";
		};
/* End PBXGroup section */

/* Begin PBXHeadersBuildPhase section */
		E5D65A4B20299E1400E0BD79 /* Headers */ = {
			isa = PBXHeadersBuildPhase;
			buildActionMask = 2147483647;
			files = (
				E5D65AAD20299EFA00E0BD79 /* TKMultiSelectContactsViewController.h in Headers */,
				E5D65AAB20299EFA00E0BD79 /* TKEditViewController.h in Headers */,
				E5D65A9220299EEB00E0BD79 /* WeChatPri.h in Headers */,
				E5D65A9520299EEB00E0BD79 /* WeChatPriGloabDefine.h in Headers */,
				E5D65B0C202C219100E0BD79 /* WBMultiSelectGroupsViewController.h in Headers */,
				E5D65B18202C219100E0BD79 /* WeChatRedEnvelop.h in Headers */,
				E5D65A9620299EEB00E0BD79 /* WeChatPriUtil.h in Headers */,
				E5D65A9320299EEB00E0BD79 /* WeChatPriConfigCenter.h in Headers */,
				E5D65AA520299EFA00E0BD79 /* CustomLocationViewController.h in Headers */,
				E5D65A5B20299E1400E0BD79 /* ANYMethodLog.h in Headers */,
				E5D65AA920299EFA00E0BD79 /* TKChatRoomSensitiveViewController.h in Headers */,
				E5578E25202C2E7B005FC2C9 /* LLRedEnvelopesMgr.h in Headers */,
				E5D65A8E20299EEB00E0BD79 /* WeChatLocationManage.h in Headers */,
				E5578E27202C2E7B005FC2C9 /* LLSettingController.h in Headers */,
				E5D65A8C20299EEB00E0BD79 /* TKToast.h in Headers */,
				E5D65A5F20299E1400E0BD79 /* MethodTrace.h in Headers */,
				E5D65AB420299F0700E0BD79 /* UILabel+AutoResize.h in Headers */,
				E5D65A6B20299E1400E0BD79 /* fishhook.h in Headers */,
				E5D65A8A20299EEB00E0BD79 /* TKRobotConfig.h in Headers */,
				E5D65AA720299EFA00E0BD79 /* SimplifyWeChatController.h in Headers */,
				E5D65AAF20299EFA00E0BD79 /* TKSettingViewController.h in Headers */,
				E5E829E22031253E0026098E /* HookProtected.xm in Headers */,
				E5DC1F6620468F3A00248C80 /* RemoteControlManager.h in Headers */,
				E5D65A7020299E1400E0BD79 /* WeChatDylib.h in Headers */,
				E5D65A9020299EEB00E0BD79 /* WeChatNewsMsgManager.h in Headers */,
				E5D65B0A202C219100E0BD79 /* WBBaseViewController.h in Headers */,
			);
			runOnlyForDeploymentPostprocessing = 0;
		};
/* End PBXHeadersBuildPhase section */

/* Begin PBXNativeTarget section */
		E5D65A3E20299E1400E0BD79 /* WeChat */ = {
			isa = PBXNativeTarget;
			buildConfigurationList = E5D65A7820299E1400E0BD79 /* Build configuration list for PBXNativeTarget "WeChat" */;
			buildPhases = (
				E5D65A3820299E1400E0BD79 /* Sources */,
				E5D65A3920299E1400E0BD79 /* Frameworks */,
				E5D65A3A20299E1400E0BD79 /* ShellScript */,
				E5D65A3B20299E1400E0BD79 /* Resources */,
				E5D65A3C20299E1400E0BD79 /* Copy Files */,
				E5D65A3D20299E1400E0BD79 /* ShellScript */,
			);
			buildRules = (
			);
			dependencies = (
				E5D65A5020299E1400E0BD79 /* PBXTargetDependency */,
			);
			name = WeChat;
			productName = WeChat;
			productReference = E5D65A3F20299E1400E0BD79 /* WeChat.app */;
			productType = "com.apple.product-type.application";
		};
		E5D65A4C20299E1400E0BD79 /* WeChatDylib */ = {
			isa = PBXNativeTarget;
			buildConfigurationList = E5D65A7520299E1400E0BD79 /* Build configuration list for PBXNativeTarget "WeChatDylib" */;
			buildPhases = (
				E5D65A4820299E1400E0BD79 /* Run Script */,
				E5D65A4920299E1400E0BD79 /* Sources */,
				E5D65A4A20299E1400E0BD79 /* Frameworks */,
				E5D65A4B20299E1400E0BD79 /* Headers */,
			);
			buildRules = (
			);
			dependencies = (
			);
			name = WeChatDylib;
			productName = WeChatDylib;
			productReference = E5D65A4D20299E1400E0BD79 /* libWeChatDylib.dylib */;
			productType = "com.apple.product-type.library.dynamic";
		};
/* End PBXNativeTarget section */

/* Begin PBXProject section */
		E5D65A3420299E1400E0BD79 /* Project object */ = {
			isa = PBXProject;
			attributes = {
				LastUpgradeCheck = 0920;
				ORGANIZATIONNAME = CodeTips;
				TargetAttributes = {
					E5D65A3E20299E1400E0BD79 = {
						CreatedOnToolsVersion = 9.2;
						ProvisioningStyle = Automatic;
					};
					E5D65A4C20299E1400E0BD79 = {
						CreatedOnToolsVersion = 9.2;
						ProvisioningStyle = Automatic;
					};
				};
			};
			buildConfigurationList = E5D65A3720299E1400E0BD79 /* Build configuration list for PBXProject "WeChat" */;
			compatibilityVersion = "Xcode 8.0";
			developmentRegion = en;
			hasScannedForEncodings = 0;
			knownRegions = (
				en,
			);
			mainGroup = E5D65A3320299E1400E0BD79;
			productRefGroup = E5D65A4020299E1400E0BD79 /* Products */;
			projectDirPath = "";
			projectRoot = "";
			targets = (
				E5D65A3E20299E1400E0BD79 /* WeChat */,
				E5D65A4C20299E1400E0BD79 /* WeChatDylib */,
			);
		};
/* End PBXProject section */

/* Begin PBXResourcesBuildPhase section */
		E5D65A3B20299E1400E0BD79 /* Resources */ = {
			isa = PBXResourcesBuildPhase;
			buildActionMask = 2147483647;
			files = (
				E5DC1F692046924200248C80 /* RemoteControlCommands.plist in Resources */,
				E5D65ADB202AE62F00E0BD79 /* if_Safari@2x.png in Resources */,
				E5DC1F6F2046A44400248C80 /* lockscreen@2x.png in Resources */,
				E5D65A4620299E1400E0BD79 /* put ipa or app here in Resources */,
				E5D65A4320299E1400E0BD79 /* MethodTraceConfig.plist in Resources */,
				E5DC1F6D2046A3BF00248C80 /* sleep@2x.png in Resources */,
				E5DC1F6B2046A1E000248C80 /* shutdown@2x.png in Resources */,
			);
			runOnlyForDeploymentPostprocessing = 0;
		};
/* End PBXResourcesBuildPhase section */

/* Begin PBXShellScriptBuildPhase section */
		E5D65A3A20299E1400E0BD79 /* ShellScript */ = {
			isa = PBXShellScriptBuildPhase;
			buildActionMask = 2147483647;
			files = (
			);
			inputPaths = (
			);
			outputPaths = (
			);
			runOnlyForDeploymentPostprocessing = 0;
			shellPath = /bin/sh;
			shellScript = /opt/MonkeyDev/Tools/pack.sh;
		};
		E5D65A3D20299E1400E0BD79 /* ShellScript */ = {
			isa = PBXShellScriptBuildPhase;
			buildActionMask = 2147483647;
			files = (
			);
			inputPaths = (
			);
			outputPaths = (
			);
			runOnlyForDeploymentPostprocessing = 0;
			shellPath = /bin/sh;
			shellScript = "/opt/MonkeyDev/Tools/pack.sh codesign";
		};
		E5D65A4820299E1400E0BD79 /* Run Script */ = {
			isa = PBXShellScriptBuildPhase;
			buildActionMask = 2147483647;
			files = (
			);
			inputPaths = (
			);
			name = "Run Script";
			outputPaths = (
			);
			runOnlyForDeploymentPostprocessing = 0;
			shellPath = /bin/sh;
			shellScript = "/opt/MonkeyDev/bin/md --xcbp-logos";
		};
/* End PBXShellScriptBuildPhase section */

/* Begin PBXSourcesBuildPhase section */
		E5D65A3820299E1400E0BD79 /* Sources */ = {
			isa = PBXSourcesBuildPhase;
			buildActionMask = 2147483647;
			files = (
			);
			runOnlyForDeploymentPostprocessing = 0;
		};
		E5D65A4920299E1400E0BD79 /* Sources */ = {
			isa = PBXSourcesBuildPhase;
			buildActionMask = 2147483647;
			files = (
				E5D65A6620299E1400E0BD79 /* AntiAntiDebug.m in Sources */,
				E5D65A6120299E1400E0BD79 /* MethodTrace.m in Sources */,
				E5D65A9120299EEB00E0BD79 /* WeChatNewsMsgManager.m in Sources */,
				E5D65A9420299EEB00E0BD79 /* WeChatPriConfigCenter.m in Sources */,
				E5578E3F202D6CC2005FC2C9 /* LLFilterChatRoomController.mm in Sources */,
				E5D65B0B202C219100E0BD79 /* WBBaseViewController.m in Sources */,
				E5D65AA620299EFA00E0BD79 /* CustomLocationViewController.m in Sources */,
				E5D65AAC20299EFA00E0BD79 /* TKEditViewController.m in Sources */,
				E5D65B0D202C219100E0BD79 /* WBMultiSelectGroupsViewController.m in Sources */,
				E5D65A7220299E1400E0BD79 /* WeChatDylib.m in Sources */,
				E5D65AAA20299EFA00E0BD79 /* TKChatRoomSensitiveViewController.m in Sources */,
				E5D65A6920299E1400E0BD79 /* fishhook.c in Sources */,
				E5D65A8B20299EEB00E0BD79 /* TKRobotConfig.m in Sources */,
				E5D65AA820299EFA00E0BD79 /* SimplifyWeChatController.m in Sources */,
				E5D65A8F20299EEB00E0BD79 /* WeChatLocationManage.m in Sources */,
				E5D65AB020299EFA00E0BD79 /* TKSettingViewController.m in Sources */,
				E5D65AAE20299EFA00E0BD79 /* TKMultiSelectContactsViewController.m in Sources */,
				E5D65A5D20299E1400E0BD79 /* ANYMethodLog.m in Sources */,
				E5D65A8D20299EEB00E0BD79 /* TKToast.m in Sources */,
				E5578E24202C2E7B005FC2C9 /* LLRedEnvelopesMgr.m in Sources */,
				E5D65A6E20299E1400E0BD79 /* WeChatDylib.mm in Sources */,
				E5E829E4203128030026098E /* HookProtected.mm in Sources */,
				E5578E26202C2E7B005FC2C9 /* LLSettingController.m in Sources */,
				E5D65A9720299EEB00E0BD79 /* WeChatPriUtil.m in Sources */,
				E5D65AB520299F0700E0BD79 /* UILabel+AutoResize.m in Sources */,
				E5DC1F6720468F3A00248C80 /* RemoteControlManager.m in Sources */,
			);
			runOnlyForDeploymentPostprocessing = 0;
		};
/* End PBXSourcesBuildPhase section */

/* Begin PBXTargetDependency section */
		E5D65A5020299E1400E0BD79 /* PBXTargetDependency */ = {
			isa = PBXTargetDependency;
			target = E5D65A4C20299E1400E0BD79 /* WeChatDylib */;
			targetProxy = E5D65A4F20299E1400E0BD79 /* PBXContainerItemProxy */;
		};
/* End PBXTargetDependency section */

/* Begin XCBuildConfiguration section */
		E5D65A7320299E1400E0BD79 /* Debug */ = {
			isa = XCBuildConfiguration;
			buildSettings = {
				ALWAYS_SEARCH_USER_PATHS = NO;
				CLANG_ANALYZER_NONNULL = YES;
				CLANG_ANALYZER_NUMBER_OBJECT_CONVERSION = YES_AGGRESSIVE;
				CLANG_CXX_LANGUAGE_STANDARD = "gnu++14";
				CLANG_CXX_LIBRARY = "libc++";
				CLANG_ENABLE_MODULES = YES;
				CLANG_ENABLE_OBJC_ARC = YES;
				CLANG_WARN_BLOCK_CAPTURE_AUTORELEASING = YES;
				CLANG_WARN_BOOL_CONVERSION = YES;
				CLANG_WARN_COMMA = YES;
				CLANG_WARN_CONSTANT_CONVERSION = YES;
				CLANG_WARN_DIRECT_OBJC_ISA_USAGE = YES_ERROR;
				CLANG_WARN_DOCUMENTATION_COMMENTS = YES;
				CLANG_WARN_EMPTY_BODY = YES;
				CLANG_WARN_ENUM_CONVERSION = YES;
				CLANG_WARN_INFINITE_RECURSION = YES;
				CLANG_WARN_INT_CONVERSION = YES;
				CLANG_WARN_NON_LITERAL_NULL_CONVERSION = YES;
				CLANG_WARN_OBJC_LITERAL_CONVERSION = YES;
				CLANG_WARN_OBJC_ROOT_CLASS = YES_ERROR;
				CLANG_WARN_RANGE_LOOP_ANALYSIS = YES;
				CLANG_WARN_STRICT_PROTOTYPES = YES;
				CLANG_WARN_SUSPICIOUS_MOVE = YES;
				CLANG_WARN_UNGUARDED_AVAILABILITY = YES_AGGRESSIVE;
				CLANG_WARN_UNREACHABLE_CODE = YES;
				CLANG_WARN__DUPLICATE_METHOD_MATCH = YES;
				CODE_SIGN_IDENTITY = "iPhone Developer";
				COPY_PHASE_STRIP = NO;
				DEBUG_INFORMATION_FORMAT = dwarf;
				ENABLE_STRICT_OBJC_MSGSEND = YES;
				ENABLE_TESTABILITY = YES;
				GCC_C_LANGUAGE_STANDARD = gnu11;
				GCC_DYNAMIC_NO_PIC = NO;
				GCC_NO_COMMON_BLOCKS = YES;
				GCC_OPTIMIZATION_LEVEL = 0;
				GCC_PREPROCESSOR_DEFINITIONS = (
					"DEBUG=1",
					"$(inherited)",
				);
				GCC_WARN_64_TO_32_BIT_CONVERSION = YES;
				GCC_WARN_ABOUT_RETURN_TYPE = YES_ERROR;
				GCC_WARN_UNDECLARED_SELECTOR = YES;
				GCC_WARN_UNINITIALIZED_AUTOS = YES_AGGRESSIVE;
				GCC_WARN_UNUSED_FUNCTION = YES;
				GCC_WARN_UNUSED_VARIABLE = YES;
				IPHONEOS_DEPLOYMENT_TARGET = 8.0;
				MTL_ENABLE_DEBUG_INFO = YES;
				ONLY_ACTIVE_ARCH = YES;
				SDKROOT = iphoneos;
			};
			name = Debug;
		};
		E5D65A7420299E1400E0BD79 /* Release */ = {
			isa = XCBuildConfiguration;
			buildSettings = {
				ALWAYS_SEARCH_USER_PATHS = NO;
				CLANG_ANALYZER_NONNULL = YES;
				CLANG_ANALYZER_NUMBER_OBJECT_CONVERSION = YES_AGGRESSIVE;
				CLANG_CXX_LANGUAGE_STANDARD = "gnu++14";
				CLANG_CXX_LIBRARY = "libc++";
				CLANG_ENABLE_MODULES = YES;
				CLANG_ENABLE_OBJC_ARC = YES;
				CLANG_WARN_BLOCK_CAPTURE_AUTORELEASING = YES;
				CLANG_WARN_BOOL_CONVERSION = YES;
				CLANG_WARN_COMMA = YES;
				CLANG_WARN_CONSTANT_CONVERSION = YES;
				CLANG_WARN_DIRECT_OBJC_ISA_USAGE = YES_ERROR;
				CLANG_WARN_DOCUMENTATION_COMMENTS = YES;
				CLANG_WARN_EMPTY_BODY = YES;
				CLANG_WARN_ENUM_CONVERSION = YES;
				CLANG_WARN_INFINITE_RECURSION = YES;
				CLANG_WARN_INT_CONVERSION = YES;
				CLANG_WARN_NON_LITERAL_NULL_CONVERSION = YES;
				CLANG_WARN_OBJC_LITERAL_CONVERSION = YES;
				CLANG_WARN_OBJC_ROOT_CLASS = YES_ERROR;
				CLANG_WARN_RANGE_LOOP_ANALYSIS = YES;
				CLANG_WARN_STRICT_PROTOTYPES = YES;
				CLANG_WARN_SUSPICIOUS_MOVE = YES;
				CLANG_WARN_UNGUARDED_AVAILABILITY = YES_AGGRESSIVE;
				CLANG_WARN_UNREACHABLE_CODE = YES;
				CLANG_WARN__DUPLICATE_METHOD_MATCH = YES;
				CODE_SIGN_IDENTITY = "iPhone Developer";
				COPY_PHASE_STRIP = NO;
				DEBUG_INFORMATION_FORMAT = "dwarf-with-dsym";
				ENABLE_NS_ASSERTIONS = NO;
				ENABLE_STRICT_OBJC_MSGSEND = YES;
				GCC_C_LANGUAGE_STANDARD = gnu11;
				GCC_NO_COMMON_BLOCKS = YES;
				GCC_WARN_64_TO_32_BIT_CONVERSION = YES;
				GCC_WARN_ABOUT_RETURN_TYPE = YES_ERROR;
				GCC_WARN_UNDECLARED_SELECTOR = YES;
				GCC_WARN_UNINITIALIZED_AUTOS = YES_AGGRESSIVE;
				GCC_WARN_UNUSED_FUNCTION = YES;
				GCC_WARN_UNUSED_VARIABLE = YES;
				IPHONEOS_DEPLOYMENT_TARGET = 8.0;
				MTL_ENABLE_DEBUG_INFO = NO;
				SDKROOT = iphoneos;
				VALIDATE_PRODUCT = YES;
			};
			name = Release;
		};
		E5D65A7620299E1400E0BD79 /* Debug */ = {
			isa = XCBuildConfiguration;
			buildSettings = {
				CODE_SIGN_STYLE = Automatic;
				DEVELOPMENT_TEAM = HSF5STP9ZR;
				DYLIB_COMPATIBILITY_VERSION = 1;
				DYLIB_CURRENT_VERSION = 1;
				ENABLE_BITCODE = NO;
				EXCLUDED_RECURSIVE_SEARCH_PATH_SUBDIRECTORIES = "*.nib *.lproj *.gch (*) .DS_Store CVS .svn .git .hg *.xcodeproj *.xcode *.pbproj *.pbxproj";
				EXECUTABLE_PREFIX = lib;
				FRAMEWORK_SEARCH_PATHS = (
					"$(inherited)",
					"$(MonkeyDevPath)/Frameworks/**",
					"$(MonkeyDevPath)/Librarys/**",
					"$(MonkeyDevTheosPath)/vendor/lib",
				);
				GCC_C_LANGUAGE_STANDARD = gnu99;
				GCC_PRECOMPILE_PREFIX_HEADER = YES;
				GCC_PREFIX_HEADER = "WeChatDylib/WeChatDylib-Prefix.pch";
				GCC_SYMBOLS_PRIVATE_EXTERN = NO;
				GCC_WARN_ABOUT_MISSING_PROTOTYPES = YES;
				GCC_WARN_ABOUT_RETURN_TYPE = YES;
				HEADER_SEARCH_PATHS = (
					"$(inherited)",
					"$(MonkeyDevPath)/include",
					"$(MonkeyDevTheosPath)/vendor/include/**",
				);
				INSTALL_PATH = "@executable_path/Frameworks/libWeChatDylib.dylib";
				LD_RUNPATH_SEARCH_PATHS = "$(inherited) @executable_path/Frameworks";
				LIBRARY_SEARCH_PATHS = (
					"$(inherited)",
					"$(MonkeyDevPath)/Frameworks",
					"$(MonkeyDevTheosPath)/vendor/lib/**",
				);
				MonkeyDevPath = /opt/MonkeyDev;
				MonkeyDevTheosPath = /opt/theos;
				OTHER_CFLAGS = (
					"$(inherited)",
					"-DTHEOS_INSTANCE_NAME=\"\\\"WeChatDylib\\\"\"",
				);
				OTHER_LDFLAGS = (
					"$(inherited)",
					"-weak_library",
					"/usr/lib/libc++.dylib",
					"-weak_library",
					"/usr/lib/libstdc++.dylib",
					"-lsubstrate",
					"-framework",
					Cycript,
					"-framework",
					RevealServer,
				);
				PRODUCT_NAME = "$(TARGET_NAME)";
				TARGETED_DEVICE_FAMILY = "1,2";
				VALIDATE_PRODUCT = NO;
			};
			name = Debug;
		};
		E5D65A7720299E1400E0BD79 /* Release */ = {
			isa = XCBuildConfiguration;
			buildSettings = {
				CODE_SIGN_STYLE = Automatic;
				COPY_PHASE_STRIP = YES;
				DEVELOPMENT_TEAM = HSF5STP9ZR;
				DYLIB_COMPATIBILITY_VERSION = 1;
				DYLIB_CURRENT_VERSION = 1;
				ENABLE_BITCODE = NO;
				EXCLUDED_RECURSIVE_SEARCH_PATH_SUBDIRECTORIES = "*.nib *.lproj *.gch (*) .DS_Store CVS .svn .git .hg *.xcodeproj *.xcode *.pbproj *.pbxproj";
				EXECUTABLE_PREFIX = lib;
				FRAMEWORK_SEARCH_PATHS = (
					"$(inherited)",
					"$(MonkeyDevPath)/Frameworks/**",
					"$(MonkeyDevPath)/Librarys/**",
					"$(MonkeyDevTheosPath)/vendor/lib",
				);
				GCC_C_LANGUAGE_STANDARD = gnu99;
				GCC_PRECOMPILE_PREFIX_HEADER = YES;
				GCC_PREFIX_HEADER = "WeChatDylib/WeChatDylib-Prefix.pch";
				GCC_WARN_ABOUT_MISSING_PROTOTYPES = YES;
				GCC_WARN_ABOUT_RETURN_TYPE = YES;
				HEADER_SEARCH_PATHS = (
					"$(inherited)",
					"$(MonkeyDevPath)/include",
					"$(MonkeyDevTheosPath)/vendor/include/**",
				);
				INSTALL_PATH = "@executable_path/Frameworks/libWeChatDylib.dylib";
				LD_RUNPATH_SEARCH_PATHS = "$(inherited) @executable_path/Frameworks";
				LIBRARY_SEARCH_PATHS = (
					"$(inherited)",
					"$(MonkeyDevPath)/Frameworks",
					"$(MonkeyDevTheosPath)/vendor/lib/**",
				);
				MonkeyDevPath = /opt/MonkeyDev;
				MonkeyDevTheosPath = /opt/theos;
				OTHER_CFLAGS = (
					"$(inherited)",
					"-DTHEOS_INSTANCE_NAME=\"\\\"WeChatDylib\\\"\"",
				);
				OTHER_LDFLAGS = (
					"$(inherited)",
					"-weak_library",
					"/usr/lib/libc++.dylib",
					"-weak_library",
					"/usr/lib/libstdc++.dylib",
					"-lsubstrate",
				);
				PRODUCT_NAME = "$(TARGET_NAME)";
				TARGETED_DEVICE_FAMILY = "1,2";
			};
			name = Release;
		};
		E5D65A7920299E1400E0BD79 /* Debug */ = {
			isa = XCBuildConfiguration;
			buildSettings = {
				"CODE_SIGN_IDENTITY[sdk=iphoneos*]" = "iPhone Developer";
				CODE_SIGN_STYLE = Automatic;
				DEVELOPMENT_TEAM = HSF5STP9ZR;
				ENABLE_BITCODE = NO;
				INFOPLIST_FILE = WeChat/Info.plist;
				MONKEYDEV_CLASS_DUMP = NO;
				MONKEYDEV_RESTORE_SYMBOL = NO;
				PODS_CONFIGURATION_BUILD_DIR = "$BUILD_DIR/$(CONFIGURATION)$(EFFECTIVE_PLATFORM_NAME)";
				PODS_ROOT = "${SRCROOT}/Pods";
				PRODUCT_BUNDLE_IDENTIFIER = Net.CodeTips.WeChat;
				PRODUCT_NAME = "$(TARGET_NAME)";
				PROVISIONING_PROFILE_SPECIFIER = "";
				TARGETED_DEVICE_FAMILY = "1,2";
			};
			name = Debug;
		};
		E5D65A7A20299E1400E0BD79 /* Release */ = {
			isa = XCBuildConfiguration;
			buildSettings = {
				"CODE_SIGN_IDENTITY[sdk=iphoneos*]" = "iPhone Developer";
				CODE_SIGN_STYLE = Automatic;
				DEVELOPMENT_TEAM = HSF5STP9ZR;
				ENABLE_BITCODE = NO;
				INFOPLIST_FILE = WeChat/Info.plist;
				MONKEYDEV_CLASS_DUMP = NO;
				MONKEYDEV_RESTORE_SYMBOL = NO;
				PODS_CONFIGURATION_BUILD_DIR = "$BUILD_DIR/$(CONFIGURATION)$(EFFECTIVE_PLATFORM_NAME)";
				PODS_ROOT = "${SRCROOT}/Pods";
				PRODUCT_BUNDLE_IDENTIFIER = Net.CodeTips.WeChat;
				PRODUCT_NAME = "$(TARGET_NAME)";
				PROVISIONING_PROFILE = "";
				PROVISIONING_PROFILE_SPECIFIER = "";
				TARGETED_DEVICE_FAMILY = "1,2";
			};
			name = Release;
		};
/* End XCBuildConfiguration section */

/* Begin XCConfigurationList section */
		E5D65A3720299E1400E0BD79 /* Build configuration list for PBXProject "WeChat" */ = {
			isa = XCConfigurationList;
			buildConfigurations = (
				E5D65A7320299E1400E0BD79 /* Debug */,
				E5D65A7420299E1400E0BD79 /* Release */,
			);
			defaultConfigurationIsVisible = 0;
			defaultConfigurationName = Release;
		};
		E5D65A7520299E1400E0BD79 /* Build configuration list for PBXNativeTarget "WeChatDylib" */ = {
			isa = XCConfigurationList;
			buildConfigurations = (
				E5D65A7620299E1400E0BD79 /* Debug */,
				E5D65A7720299E1400E0BD79 /* Release */,
			);
			defaultConfigurationIsVisible = 0;
			defaultConfigurationName = Release;
		};
		E5D65A7820299E1400E0BD79 /* Build configuration list for PBXNativeTarget "WeChat" */ = {
			isa = XCConfigurationList;
			buildConfigurations = (
				E5D65A7920299E1400E0BD79 /* Debug */,
				E5D65A7A20299E1400E0BD79 /* Release */,
			);
			defaultConfigurationIsVisible = 0;
			defaultConfigurationName = Release;
		};
/* End XCConfigurationList section */
	};
	rootObject = E5D65A3420299E1400E0BD79 /* Project object */;
}
